PODS:
  - connectivity (0.0.1):
    - Flutter
    - Reachability
  - Flutter (1.0.0)
  - flutter_localization (0.0.1):
    - Flutter
  - flutter_native_splash (0.0.1):
    - Flutter
  - flutter_secure_storage (6.0.0):
    - Flutter
  - geocoding_ios (1.0.5):
    - Flutter
  - geolocator_apple (1.2.0):
    - Flutter
  - path_provider_foundation (0.0.1):
    - Flutter
    - FlutterMacOS
  - Reachability (3.2)
  - shared_preferences_foundation (0.0.1):
    - Flutter
    - FlutterMacOS

DEPENDENCIES:
  - connectivity (from `.symlinks/plugins/connectivity/ios`)
  - Flutter (from `Flutter`)
  - flutter_localization (from `.symlinks/plugins/flutter_localization/ios`)
  - flutter_native_splash (from `.symlinks/plugins/flutter_native_splash/ios`)
  - flutter_secure_storage (from `.symlinks/plugins/flutter_secure_storage/ios`)
  - geocoding_ios (from `.symlinks/plugins/geocoding_ios/ios`)
  - geolocator_apple (from `.symlinks/plugins/geolocator_apple/ios`)
  - path_provider_foundation (from `.symlinks/plugins/path_provider_foundation/ios`)
  - shared_preferences_foundation (from `.symlinks/plugins/shared_preferences_foundation/ios`)

SPEC REPOS:
  trunk:
    - Reachability

EXTERNAL SOURCES:
  connectivity:
    :path: ".symlinks/plugins/connectivity/ios"
  Flutter:
    :path: Flutter
  flutter_localization:
    :path: ".symlinks/plugins/flutter_localization/ios"
  flutter_native_splash:
    :path: ".symlinks/plugins/flutter_native_splash/ios"
  flutter_secure_storage:
    :path: ".symlinks/plugins/flutter_secure_storage/ios"
  geocoding_ios:
    :path: ".symlinks/plugins/geocoding_ios/ios"
  geolocator_apple:
    :path: ".symlinks/plugins/geolocator_apple/ios"
  path_provider_foundation:
    :path: ".symlinks/plugins/path_provider_foundation/ios"
  shared_preferences_foundation:
    :path: ".symlinks/plugins/shared_preferences_foundation/ios"

SPEC CHECKSUMS:
  connectivity: c4130b2985d4ef6fd26f9702e886bd5260681467
  Flutter: f04841e97a9d0b0a8025694d0796dd46242b2854
  flutter_localization: f43b18844a2b3d2c71fd64f04ffd6b1e64dd54d4
  flutter_native_splash: 52501b97d1c0a5f898d687f1646226c1f93c56ef
  flutter_secure_storage: 23fc622d89d073675f2eaa109381aefbcf5a49be
  geocoding_ios: a389ea40f6f548de6e63006a2e31bf66ff80769a
  geolocator_apple: cc556e6844d508c95df1e87e3ea6fa4e58c50401
  path_provider_foundation: 29f094ae23ebbca9d3d0cec13889cd9060c0e943
  Reachability: 33e18b67625424e47b6cde6d202dce689ad7af96
  shared_preferences_foundation: 5b919d13b803cadd15ed2dc053125c68730e5126

PODFILE CHECKSUM: 663715e941f9adb426e33bf9376914006f9ea95b

COCOAPODS: 1.12.1
